<?xml version="1.0" encoding="utf-8"?>
<Project ToolsVersion="4.0" xmlns="http://schemas.microsoft.com/developer/msbuild/2003">
  <ItemGroup>
    <Filter Include="Quelldateien">
      <UniqueIdentifier>{4FC737F1-C7A5-4376-A066-2A32D752A2FF}</UniqueIdentifier>
      <Extensions>cpp;c;cc;cxx;def;odl;idl;hpj;bat;asm;asmx</Extensions>
    </Filter>
    <Filter Include="Headerdateien">
      <UniqueIdentifier>{93995380-89BD-4b04-88EB-625FBE52EBFB}</UniqueIdentifier>
      <Extensions>h;hpp;hxx;hm;inl;inc;xsd</Extensions>
    </Filter>
    <Filter Include="Ressourcendateien">
      <UniqueIdentifier>{67DA6AB6-F800-4c08-8B7A-83BB121AAD01}</UniqueIdentifier>
      <Extensions>rc;ico;cur;bmp;dlg;rc2;rct;bin;rgs;gif;jpg;jpeg;jpe;resx;tiff;tif;png;wav;mfcribbon-ms</Extensions>
    </Filter>
  </ItemGroup>
  <ItemGroup>
    <ClInclude Include="SDK\ActionInsertModes.hpp">
      <Filter>Headerdateien</Filter>
    </ClInclude>
    <ClInclude Include="SDK\Actor.hpp">
      <Filter>Headerdateien</Filter>
    </ClInclude>
    <ClInclude Include="SDK\Audio.hpp">
      <Filter>Headerdateien</Filter>
    </ClInclude>
    <ClInclude Include="SDK\Camera.hpp">
      <Filter>Headerdateien</Filter>
    </ClInclude>
    <ClInclude Include="SDK\Command.hpp">
      <Filter>Headerdateien</Filter>
    </ClInclude>
    <ClInclude Include="SDK\EActions.hpp">
      <Filter>Headerdateien</Filter>
    </ClInclude>
    <ClInclude Include="SDK\em4sdk.hpp">
      <Filter>Headerdateien</Filter>
    </ClInclude>
    <ClInclude Include="SDK\EquipmentNames.hpp">
      <Filter>Headerdateien</Filter>
    </ClInclude>
    <ClInclude Include="SDK\FireObject.hpp">
      <Filter>Headerdateien</Filter>
    </ClInclude>
    <ClInclude Include="SDK\Game.hpp">
      <Filter>Headerdateien</Filter>
    </ClInclude>
    <ClInclude Include="SDK\GameObject.hpp">
      <Filter>Headerdateien</Filter>
    </ClInclude>
    <ClInclude Include="SDK\Input.hpp">
      <Filter>Headerdateien</Filter>
    </ClInclude>
    <ClInclude Include="SDK\Interface.hpp">
      <Filter>Headerdateien</Filter>
    </ClInclude>
    <ClInclude Include="SDK\List.hpp">
      <Filter>Headerdateien</Filter>
    </ClInclude>
    <ClInclude Include="SDK\Math.hpp">
      <Filter>Headerdateien</Filter>
    </ClInclude>
    <ClInclude Include="SDK\Mission.hpp">
      <Filter>Headerdateien</Filter>
    </ClInclude>
    <ClInclude Include="SDK\OpenHouse.hpp">
      <Filter>Headerdateien</Filter>
    </ClInclude>
    <ClInclude Include="SDK\Path.hpp">
      <Filter>Headerdateien</Filter>
    </ClInclude>
    <ClInclude Include="SDK\Person.hpp">
      <Filter>Headerdateien</Filter>
    </ClInclude>
    <ClInclude Include="SDK\ScriptSerializer.hpp">
      <Filter>Headerdateien</Filter>
    </ClInclude>
    <ClInclude Include="SDK\Spawn.hpp">
      <Filter>Headerdateien</Filter>
    </ClInclude>
    <ClInclude Include="SDK\stdutil.hpp">
      <Filter>Headerdateien</Filter>
    </ClInclude>
    <ClInclude Include="SDK\System.hpp">
      <Filter>Headerdateien</Filter>
    </ClInclude>
    <ClInclude Include="SDK\Vector.hpp">
      <Filter>Headerdateien</Filter>
    </ClInclude>
    <ClInclude Include="SDK\Vehicle.hpp">
      <Filter>Headerdateien</Filter>
    </ClInclude>
    <ClInclude Include="SDK\Weather.hpp">
      <Filter>Headerdateien</Filter>
    </ClInclude>
    <ClInclude Include="SDK\XMLGui.hpp">
      <Filter>Headerdateien</Filter>
    </ClInclude>
  </ItemGroup>
  <ItemGroup>
    <None Include="SDK\readme.txt">
      <Filter>Headerdateien</Filter>
    </None>
  </ItemGroup>
  <ItemGroup>
    <ClCompile Include="Mission01">
      <Filter>Quelldateien</Filter>
    </ClCompile>
  </ItemGroup>
</Project>